// !$*UTF8*$!
{
	archiveVersion = 1;
	classes = {
	};
	objectVersion = 50;
	objects = {

/* Begin PBXBuildFile section */
		AD7AFAF120E082BC008E8C95 /* AppDelegate.swift in Sources */ = {isa = PBXBuildFile; fileRef = AD7AFAF020E082BC008E8C95 /* AppDelegate.swift */; };
		AD7AFAF320E082BC008E8C95 /* ViewController.swift in Sources */ = {isa = PBXBuildFile; fileRef = AD7AFAF220E082BC008E8C95 /* ViewController.swift */; };
		AD7AFAF620E082BC008E8C95 /* Main.storyboard in Resources */ = {isa = PBXBuildFile; fileRef = AD7AFAF420E082BC008E8C95 /* Main.storyboard */; };
		AD7AFAF820E082C1008E8C95 /* Assets.xcassets in Resources */ = {isa = PBXBuildFile; fileRef = AD7AFAF720E082C1008E8C95 /* Assets.xcassets */; };
		AD7AFAFB20E082C1008E8C95 /* LaunchScreen.storyboard in Resources */ = {isa = PBXBuildFile; fileRef = AD7AFAF920E082C1008E8C95 /* LaunchScreen.storyboard */; };
		AD7AFB0620E082C1008E8C95 /* IkeaTests.swift in Sources */ = {isa = PBXBuildFile; fileRef = AD7AFB0520E082C1008E8C95 /* IkeaTests.swift */; };
		AD7AFB1120E082C1008E8C95 /* IkeaUITests.swift in Sources */ = {isa = PBXBuildFile; fileRef = AD7AFB1020E082C1008E8C95 /* IkeaUITests.swift */; };
		AD7AFB1F20E08A44008E8C95 /* itemCell.swift in Sources */ = {isa = PBXBuildFile; fileRef = AD7AFB1E20E08A44008E8C95 /* itemCell.swift */; };
		AD7AFB2120E0997B008E8C95 /* Assets in Resources */ = {isa = PBXBuildFile; fileRef = AD7AFB2020E0997B008E8C95 /* Assets */; };
/* End PBXBuildFile section */

/* Begin PBXContainerItemProxy section */
		AD7AFB0220E082C1008E8C95 /* PBXContainerItemProxy */ = {
			isa = PBXContainerItemProxy;
			containerPortal = AD7AFAE520E082BC008E8C95 /* Project object */;
			proxyType = 1;
			remoteGlobalIDString = AD7AFAEC20E082BC008E8C95;
			remoteInfo = Ikea;
		};
		AD7AFB0D20E082C1008E8C95 /* PBXContainerItemProxy */ = {
			isa = PBXContainerItemProxy;
			containerPortal = AD7AFAE520E082BC008E8C95 /* Project object */;
			proxyType = 1;
			remoteGlobalIDString = AD7AFAEC20E082BC008E8C95;
			remoteInfo = Ikea;
		};
/* End PBXContainerItemProxy section */

/* Begin PBXFileReference section */
		AD7AFAED20E082BC008E8C95 /* Ikea.app */ = {isa = PBXFileReference; explicitFileType = wrapper.application; includeInIndex = 0; path = Ikea.app; sourceTree = BUILT_PRODUCTS_DIR; };
		AD7AFAF020E082BC008E8C95 /* AppDelegate.swift */ = {isa = PBXFileReference; lastKnownFileType = sourcecode.swift; path = AppDelegate.swift; sourceTree = "<group>"; };
		AD7AFAF220E082BC008E8C95 /* ViewController.swift */ = {isa = PBXFileReference; lastKnownFileType = sourcecode.swift; path = ViewController.swift; sourceTree = "<group>"; };
		AD7AFAF520E082BC008E8C95 /* Base */ = {isa = PBXFileReference; lastKnownFileType = file.storyboard; name = Base; path = Base.lproj/Main.storyboard; sourceTree = "<group>"; };
		AD7AFAF720E082C1008E8C95 /* Assets.xcassets */ = {isa = PBXFileReference; lastKnownFileType = folder.assetcatalog; path = Assets.xcassets; sourceTree = "<group>"; };
		AD7AFAFA20E082C1008E8C95 /* Base */ = {isa = PBXFileReference; lastKnownFileType = file.storyboard; name = Base; path = Base.lproj/LaunchScreen.storyboard; sourceTree = "<group>"; };
		AD7AFAFC20E082C1008E8C95 /* Info.plist */ = {isa = PBXFileReference; lastKnownFileType = text.plist.xml; path = Info.plist; sourceTree = "<group>"; };
		AD7AFB0120E082C1008E8C95 /* IkeaTests.xctest */ = {isa = PBXFileReference; explicitFileType = wrapper.cfbundle; includeInIndex = 0; path = IkeaTests.xctest; sourceTree = BUILT_PRODUCTS_DIR; };
		AD7AFB0520E082C1008E8C95 /* IkeaTests.swift */ = {isa = PBXFileReference; lastKnownFileType = sourcecode.swift; path = IkeaTests.swift; sourceTree = "<group>"; };
		AD7AFB0720E082C1008E8C95 /* Info.plist */ = {isa = PBXFileReference; lastKnownFileType = text.plist.xml; path = Info.plist; sourceTree = "<group>"; };
		AD7AFB0C20E082C1008E8C95 /* IkeaUITests.xctest */ = {isa = PBXFileReference; explicitFileType = wrapper.cfbundle; includeInIndex = 0; path = IkeaUITests.xctest; sourceTree = BUILT_PRODUCTS_DIR; };
		AD7AFB1020E082C1008E8C95 /* IkeaUITests.swift */ = {isa = PBXFileReference; lastKnownFileType = sourcecode.swift; path = IkeaUITests.swift; sourceTree = "<group>"; };
		AD7AFB1220E082C1008E8C95 /* Info.plist */ = {isa = PBXFileReference; lastKnownFileType = text.plist.xml; path = Info.plist; sourceTree = "<group>"; };
		AD7AFB1E20E08A44008E8C95 /* itemCell.swift */ = {isa = PBXFileReference; lastKnownFileType = sourcecode.swift; path = itemCell.swift; sourceTree = "<group>"; };
		AD7AFB2020E0997B008E8C95 /* Assets */ = {isa = PBXFileReference; lastKnownFileType = folder; path = Assets; sourceTree = SOURCE_ROOT; };
/* End PBXFileReference section */

/* Begin PBXFrameworksBuildPhase section */
		AD7AFAEA20E082BC008E8C95 /* Frameworks */ = {
			isa = PBXFrameworksBuildPhase;
			buildActionMask = 2147483647;
			files = (
			);
			runOnlyForDeploymentPostprocessing = 0;
		};
		AD7AFAFE20E082C1008E8C95 /* Frameworks */ = {
			isa = PBXFrameworksBuildPhase;
			buildActionMask = 2147483647;
			files = (
			);
			runOnlyForDeploymentPostprocessing = 0;
		};
		AD7AFB0920E082C1008E8C95 /* Frameworks */ = {
			isa = PBXFrameworksBuildPhase;
			buildActionMask = 2147483647;
			files = (
			);
			runOnlyForDeploymentPostprocessing = 0;
		};
/* End PBXFrameworksBuildPhase section */

/* Begin PBXGroup section */
		AD7AFAE420E082BC008E8C95 = {
			isa = PBXGroup;
			children = (
				AD7AFAEF20E082BC008E8C95 /* Ikea */,
				AD7AFB0420E082C1008E8C95 /* IkeaTests */,
				AD7AFB0F20E082C1008E8C95 /* IkeaUITests */,
				AD7AFAEE20E082BC008E8C95 /* Products */,
			);
			sourceTree = "<group>";
		};
		AD7AFAEE20E082BC008E8C95 /* Products */ = {
			isa = PBXGroup;
			children = (
				AD7AFAED20E082BC008E8C95 /* Ikea.app */,
				AD7AFB0120E082C1008E8C95 /* IkeaTests.xctest */,
				AD7AFB0C20E082C1008E8C95 /* IkeaUITests.xctest */,
			);
			name = Products;
			sourceTree = "<group>";
		};
		AD7AFAEF20E082BC008E8C95 /* Ikea */ = {
			isa = PBXGroup;
			children = (
				AD7AFB2020E0997B008E8C95 /* Assets */,
				AD7AFAF020E082BC008E8C95 /* AppDelegate.swift */,
				AD7AFAF220E082BC008E8C95 /* ViewController.swift */,
				AD7AFB1E20E08A44008E8C95 /* itemCell.swift */,
				AD7AFAF420E082BC008E8C95 /* Main.storyboard */,
				AD7AFAF720E082C1008E8C95 /* Assets.xcassets */,
				AD7AFAF920E082C1008E8C95 /* LaunchScreen.storyboard */,
				AD7AFAFC20E082C1008E8C95 /* Info.plist */,
			);
			path = Ikea;
			sourceTree = "<group>";
		};
		AD7AFB0420E082C1008E8C95 /* IkeaTests */ = {
			isa = PBXGroup;
			children = (
				AD7AFB0520E082C1008E8C95 /* IkeaTests.swift */,
				AD7AFB0720E082C1008E8C95 /* Info.plist */,
			);
			path = IkeaTests;
			sourceTree = "<group>";
		};
		AD7AFB0F20E082C1008E8C95 /* IkeaUITests */ = {
			isa = PBXGroup;
			children = (
				AD7AFB1020E082C1008E8C95 /* IkeaUITests.swift */,
				AD7AFB1220E082C1008E8C95 /* Info.plist */,
			);
			path = IkeaUITests;
			sourceTree = "<group>";
		};
/* End PBXGroup section */

/* Begin PBXNativeTarget section */
		AD7AFAEC20E082BC008E8C95 /* Ikea */ = {
			isa = PBXNativeTarget;
			buildConfigurationList = AD7AFB1520E082C1008E8C95 /* Build configuration list for PBXNativeTarget "Ikea" */;
			buildPhases = (
				AD7AFAE920E082BC008E8C95 /* Sources */,
				AD7AFAEA20E082BC008E8C95 /* Frameworks */,
				AD7AFAEB20E082BC008E8C95 /* Resources */,
			);
			buildRules = (
			);
			dependencies = (
			);
			name = Ikea;
			productName = Ikea;
			productReference = AD7AFAED20E082BC008E8C95 /* Ikea.app */;
			productType = "com.apple.product-type.application";
		};
		AD7AFB0020E082C1008E8C95 /* IkeaTests */ = {
			isa = PBXNativeTarget;
			buildConfigurationList = AD7AFB1820E082C1008E8C95 /* Build configuration list for PBXNativeTarget "IkeaTests" */;
			buildPhases = (
				AD7AFAFD20E082C1008E8C95 /* Sources */,
				AD7AFAFE20E082C1008E8C95 /* Frameworks */,
				AD7AFAFF20E082C1008E8C95 /* Resources */,
			);
			buildRules = (
			);
			dependencies = (
				AD7AFB0320E082C1008E8C95 /* PBXTargetDependency */,
			);
			name = IkeaTests;
			productName = IkeaTests;
			productReference = AD7AFB0120E082C1008E8C95 /* IkeaTests.xctest */;
			productType = "com.apple.product-type.bundle.unit-test";
		};
		AD7AFB0B20E082C1008E8C95 /* IkeaUITests */ = {
			isa = PBXNativeTarget;
			buildConfigurationList = AD7AFB1B20E082C1008E8C95 /* Build configuration list for PBXNativeTarget "IkeaUITests" */;
			buildPhases = (
				AD7AFB0820E082C1008E8C95 /* Sources */,
				AD7AFB0920E082C1008E8C95 /* Frameworks */,
				AD7AFB0A20E082C1008E8C95 /* Resources */,
			);
			buildRules = (
			);
			dependencies = (
				AD7AFB0E20E082C1008E8C95 /* PBXTargetDependency */,
			);
			name = IkeaUITests;
			productName = IkeaUITests;
			productReference = AD7AFB0C20E082C1008E8C95 /* IkeaUITests.xctest */;
			productType = "com.apple.product-type.bundle.ui-testing";
		};
/* End PBXNativeTarget section */

/* Begin PBXProject section */
		AD7AFAE520E082BC008E8C95 /* Project object */ = {
			isa = PBXProject;
			attributes = {
				LastSwiftUpdateCheck = 0940;
				LastUpgradeCheck = 0940;
				ORGANIZATIONNAME = Ezoom;
				TargetAttributes = {
					AD7AFAEC20E082BC008E8C95 = {
						CreatedOnToolsVersion = 9.4.1;
					};
					AD7AFB0020E082C1008E8C95 = {
						CreatedOnToolsVersion = 9.4.1;
						TestTargetID = AD7AFAEC20E082BC008E8C95;
					};
					AD7AFB0B20E082C1008E8C95 = {
						CreatedOnToolsVersion = 9.4.1;
						TestTargetID = AD7AFAEC20E082BC008E8C95;
					};
				};
			};
			buildConfigurationList = AD7AFAE820E082BC008E8C95 /* Build configuration list for PBXProject "Ikea" */;
			compatibilityVersion = "Xcode 9.3";
			developmentRegion = en;
			hasScannedForEncodings = 0;
			knownRegions = (
				en,
				Base,
			);
			mainGroup = AD7AFAE420E082BC008E8C95;
			productRefGroup = AD7AFAEE20E082BC008E8C95 /* Products */;
			projectDirPath = "";
			projectRoot = "";
			targets = (
				AD7AFAEC20E082BC008E8C95 /* Ikea */,
				AD7AFB0020E082C1008E8C95 /* IkeaTests */,
				AD7AFB0B20E082C1008E8C95 /* IkeaUITests */,
			);
		};
/* End PBXProject section */

/* Begin PBXResourcesBuildPhase section */
		AD7AFAEB20E082BC008E8C95 /* Resources */ = {
			isa = PBXResourcesBuildPhase;
			buildActionMask = 2147483647;
			files = (
				AD7AFAFB20E082C1008E8C95 /* LaunchScreen.storyboard in Resources */,
				AD7AFB2120E0997B008E8C95 /* Assets in Resources */,
				AD7AFAF820E082C1008E8C95 /* Assets.xcassets in Resources */,
				AD7AFAF620E082BC008E8C95 /* Main.storyboard in Resources */,
			);
			runOnlyForDeploymentPostprocessing = 0;
		};
		AD7AFAFF20E082C1008E8C95 /* Resources */ = {
			isa = PBXResourcesBuildPhase;
			buildActionMask = 2147483647;
			files = (
			);
			runOnlyForDeploymentPostprocessing = 0;
		};
		AD7AFB0A20E082C1008E8C95 /* Resources */ = {
			isa = PBXResourcesBuildPhase;
			buildActionMask = 2147483647;
			files = (
			);
			runOnlyForDeploymentPostprocessing = 0;
		};
/* End PBXResourcesBuildPhase section */

/* Begin PBXSourcesBuildPhase section */
		AD7AFAE920E082BC008E8C95 /* Sources */ = {
			isa = PBXSourcesBuildPhase;
			buildActionMask = 2147483647;
			files = (
				AD7AFAF320E082BC008E8C95 /* ViewController.swift in Sources */,
				AD7AFB1F20E08A44008E8C95 /* itemCell.swift in Sources */,
				AD7AFAF120E082BC008E8C95 /* AppDelegate.swift in Sources */,
			);
			runOnlyForDeploymentPostprocessing = 0;
		};
		AD7AFAFD20E082C1008E8C95 /* Sources */ = {
			isa = PBXSourcesBuildPhase;
			buildActionMask = 2147483647;
			files = (
				AD7AFB0620E082C1008E8C95 /* IkeaTests.swift in Sources */,
			);
			runOnlyForDeploymentPostprocessing = 0;
		};
		AD7AFB0820E082C1008E8C95 /* Sources */ = {
			isa = PBXSourcesBuildPhase;
			buildActionMask = 2147483647;
			files = (
				AD7AFB1120E082C1008E8C95 /* IkeaUITests.swift in Sources */,
			);
			runOnlyForDeploymentPostprocessing = 0;
		};
/* End PBXSourcesBuildPhase section */

/* Begin PBXTargetDependency section */
		AD7AFB0320E082C1008E8C95 /* PBXTargetDependency */ = {
			isa = PBXTargetDependency;
			target = AD7AFAEC20E082BC008E8C95 /* Ikea */;
			targetProxy = AD7AFB0220E082C1008E8C95 /* PBXContainerItemProxy */;
		};
		AD7AFB0E20E082C1008E8C95 /* PBXTargetDependency */ = {
			isa = PBXTargetDependency;
			target = AD7AFAEC20E082BC008E8C95 /* Ikea */;
			targetProxy = AD7AFB0D20E082C1008E8C95 /* PBXContainerItemProxy */;
		};
/* End PBXTargetDependency section */

/* Begin PBXVariantGroup section */
		AD7AFAF420E082BC008E8C95 /* Main.storyboard */ = {
			isa = PBXVariantGroup;
			children = (
				AD7AFAF520E082BC008E8C95 /* Base */,
			);
			name = Main.storyboard;
			sourceTree = "<group>";
		};
		AD7AFAF920E082C1008E8C95 /* LaunchScreen.storyboard */ = {
			isa = PBXVariantGroup;
			children = (
				AD7AFAFA20E082C1008E8C95 /* Base */,
			);
			name = LaunchScreen.storyboard;
			sourceTree = "<group>";
		};
/* End PBXVariantGroup section */

/* Begin XCBuildConfiguration section */
		AD7AFB1320E082C1008E8C95 /* Debug */ = {
			isa = XCBuildConfiguration;
			buildSettings = {
				ALWAYS_SEARCH_USER_PATHS = NO;
				CLANG_ANALYZER_NONNULL = YES;
				CLANG_ANALYZER_NUMBER_OBJECT_CONVERSION = YES_AGGRESSIVE;
				CLANG_CXX_LANGUAGE_STANDARD = "gnu++14";
				CLANG_CXX_LIBRARY = "libc++";
				CLANG_ENABLE_MODULES = YES;
				CLANG_ENABLE_OBJC_ARC = YES;
				CLANG_ENABLE_OBJC_WEAK = YES;
				CLANG_WARN_BLOCK_CAPTURE_AUTORELEASING = YES;
				CLANG_WARN_BOOL_CONVERSION = YES;
				CLANG_WARN_COMMA = YES;
				CLANG_WARN_CONSTANT_CONVERSION = YES;
				CLANG_WARN_DEPRECATED_OBJC_IMPLEMENTATIONS = YES;
				CLANG_WARN_DIRECT_OBJC_ISA_USAGE = YES_ERROR;
				CLANG_WARN_DOCUMENTATION_COMMENTS = YES;
				CLANG_WARN_EMPTY_BODY = YES;
				CLANG_WARN_ENUM_CONVERSION = YES;
				CLANG_WARN_INFINITE_RECURSION = YES;
				CLANG_WARN_INT_CONVERSION = YES;
				CLANG_WARN_NON_LITERAL_NULL_CONVERSION = YES;
				CLANG_WARN_OBJC_IMPLICIT_RETAIN_SELF = YES;
				CLANG_WARN_OBJC_LITERAL_CONVERSION = YES;
				CLANG_WARN_OBJC_ROOT_CLASS = YES_ERROR;
				CLANG_WARN_RANGE_LOOP_ANALYSIS = YES;
				CLANG_WARN_STRICT_PROTOTYPES = YES;
				CLANG_WARN_SUSPICIOUS_MOVE = YES;
				CLANG_WARN_UNGUARDED_AVAILABILITY = YES_AGGRESSIVE;
				CLANG_WARN_UNREACHABLE_CODE = YES;
				CLANG_WARN__DUPLICATE_METHOD_MATCH = YES;
				CODE_SIGN_IDENTITY = "iPhone Developer";
				COPY_PHASE_STRIP = NO;
				DEBUG_INFORMATION_FORMAT = dwarf;
				ENABLE_STRICT_OBJC_MSGSEND = YES;
				ENABLE_TESTABILITY = YES;
				GCC_C_LANGUAGE_STANDARD = gnu11;
				GCC_DYNAMIC_NO_PIC = NO;
				GCC_NO_COMMON_BLOCKS = YES;
				GCC_OPTIMIZATION_LEVEL = 0;
				GCC_PREPROCESSOR_DEFINITIONS = (
					"DEBUG=1",
					"$(inherited)",
				);
				GCC_WARN_64_TO_32_BIT_CONVERSION = YES;
				GCC_WARN_ABOUT_RETURN_TYPE = YES_ERROR;
				GCC_WARN_UNDECLARED_SELECTOR = YES;
				GCC_WARN_UNINITIALIZED_AUTOS = YES_AGGRESSIVE;
				GCC_WARN_UNUSED_FUNCTION = YES;
				GCC_WARN_UNUSED_VARIABLE = YES;
				IPHONEOS_DEPLOYMENT_TARGET = 11.4;
				MTL_ENABLE_DEBUG_INFO = YES;
				ONLY_ACTIVE_ARCH = YES;
				SDKROOT = iphoneos;
				SWIFT_ACTIVE_COMPILATION_CONDITIONS = DEBUG;
				SWIFT_OPTIMIZATION_LEVEL = "-Onone";
			};
			name = Debug;
		};
		AD7AFB1420E082C1008E8C95 /* Release */ = {
			isa = XCBuildConfiguration;
			buildSettings = {
				ALWAYS_SEARCH_USER_PATHS = NO;
				CLANG_ANALYZER_NONNULL = YES;
				CLANG_ANALYZER_NUMBER_OBJECT_CONVERSION = YES_AGGRESSIVE;
				CLANG_CXX_LANGUAGE_STANDARD = "gnu++14";
				CLANG_CXX_LIBRARY = "libc++";
				CLANG_ENABLE_MODULES = YES;
				CLANG_ENABLE_OBJC_ARC = YES;
				CLANG_ENABLE_OBJC_WEAK = YES;
				CLANG_WARN_BLOCK_CAPTURE_AUTORELEASING = YES;
				CLANG_WARN_BOOL_CONVERSION = YES;
				CLANG_WARN_COMMA = YES;
				CLANG_WARN_CONSTANT_CONVERSION = YES;
				CLANG_WARN_DEPRECATED_OBJC_IMPLEMENTATIONS = YES;
				CLANG_WARN_DIRECT_OBJC_ISA_USAGE = YES_ERROR;
				CLANG_WARN_DOCUMENTATION_COMMENTS = YES;
				CLANG_WARN_EMPTY_BODY = YES;
				CLANG_WARN_ENUM_CONVERSION = YES;
				CLANG_WARN_INFINITE_RECURSION = YES;
				CLANG_WARN_INT_CONVERSION = YES;
				CLANG_WARN_NON_LITERAL_NULL_CONVERSION = YES;
				CLANG_WARN_OBJC_IMPLICIT_RETAIN_SELF = YES;
				CLANG_WARN_OBJC_LITERAL_CONVERSION = YES;
				CLANG_WARN_OBJC_ROOT_CLASS = YES_ERROR;
				CLANG_WARN_RANGE_LOOP_ANALYSIS = YES;
				CLANG_WARN_STRICT_PROTOTYPES = YES;
				CLANG_WARN_SUSPICIOUS_MOVE = YES;
				CLANG_WARN_UNGUARDED_AVAILABILITY = YES_AGGRESSIVE;
				CLANG_WARN_UNREACHABLE_CODE = YES;
				CLANG_WARN__DUPLICATE_METHOD_MATCH = YES;
				CODE_SIGN_IDENTITY = "iPhone Developer";
				COPY_PHASE_STRIP = NO;
				DEBUG_INFORMATION_FORMAT = "dwarf-with-dsym";
				ENABLE_NS_ASSERTIONS = NO;
				ENABLE_STRICT_OBJC_MSGSEND = YES;
				GCC_C_LANGUAGE_STANDARD = gnu11;
				GCC_NO_COMMON_BLOCKS = YES;
				GCC_WARN_64_TO_32_BIT_CONVERSION = YES;
				GCC_WARN_ABOUT_RETURN_TYPE = YES_ERROR;
				GCC_WARN_UNDECLARED_SELECTOR = YES;
				GCC_WARN_UNINITIALIZED_AUTOS = YES_AGGRESSIVE;
				GCC_WARN_UNUSED_FUNCTION = YES;
				GCC_WARN_UNUSED_VARIABLE = YES;
				IPHONEOS_DEPLOYMENT_TARGET = 11.4;
				MTL_ENABLE_DEBUG_INFO = NO;
				SDKROOT = iphoneos;
				SWIFT_COMPILATION_MODE = wholemodule;
				SWIFT_OPTIMIZATION_LEVEL = "-O";
				VALIDATE_PRODUCT = YES;
			};
			name = Release;
		};
		AD7AFB1620E082C1008E8C95 /* Debug */ = {
			isa = XCBuildConfiguration;
			buildSettings = {
				ASSETCATALOG_COMPILER_APPICON_NAME = AppIcon;
				CODE_SIGN_STYLE = Automatic;
				DEVELOPMENT_TEAM = 84CTC2EJLE;
				INFOPLIST_FILE = Ikea/Info.plist;
				LD_RUNPATH_SEARCH_PATHS = (
					"$(inherited)",
					"@executable_path/Frameworks",
				);
				PRODUCT_BUNDLE_IDENTIFIER = br.com.ezoom.Ikea;
				PRODUCT_NAME = "$(TARGET_NAME)";
				SWIFT_VERSION = 4.0;
				TARGETED_DEVICE_FAMILY = "1,2";
			};
			name = Debug;
		};
		AD7AFB1720E082C1008E8C95 /* Release */ = {
			isa = XCBuildConfiguration;
			buildSettings = {
				ASSETCATALOG_COMPILER_APPICON_NAME = AppIcon;
				CODE_SIGN_STYLE = Automatic;
				DEVELOPMENT_TEAM = 84CTC2EJLE;
				INFOPLIST_FILE = Ikea/Info.plist;
				LD_RUNPATH_SEARCH_PATHS = (
					"$(inherited)",
					"@executable_path/Frameworks",
				);
				PRODUCT_BUNDLE_IDENTIFIER = br.com.ezoom.Ikea;
				PRODUCT_NAME = "$(TARGET_NAME)";
				SWIFT_VERSION = 4.0;
				TARGETED_DEVICE_FAMILY = "1,2";
			};
			name = Release;
		};
		AD7AFB1920E082C1008E8C95 /* Debug */ = {
			isa = XCBuildConfiguration;
			buildSettings = {
				ALWAYS_EMBED_SWIFT_STANDARD_LIBRARIES = YES;
				BUNDLE_LOADER = "$(TEST_HOST)";
				CODE_SIGN_STYLE = Automatic;
				DEVELOPMENT_TEAM = 84CTC2EJLE;
				INFOPLIST_FILE = IkeaTests/Info.plist;
				LD_RUNPATH_SEARCH_PATHS = (
					"$(inherited)",
					"@executable_path/Frameworks",
					"@loader_path/Frameworks",
				);
				PRODUCT_BUNDLE_IDENTIFIER = br.com.ezoom.IkeaTests;
				PRODUCT_NAME = "$(TARGET_NAME)";
				SWIFT_VERSION = 4.0;
				TARGETED_DEVICE_FAMILY = "1,2";
				TEST_HOST = "$(BUILT_PRODUCTS_DIR)/Ikea.app/Ikea";
			};
			name = Debug;
		};
		AD7AFB1A20E082C1008E8C95 /* Release */ = {
			isa = XCBuildConfiguration;
			buildSettings = {
				ALWAYS_EMBED_SWIFT_STANDARD_LIBRARIES = YES;
				BUNDLE_LOADER = "$(TEST_HOST)";
				CODE_SIGN_STYLE = Automatic;
				DEVELOPMENT_TEAM = 84CTC2EJLE;
				INFOPLIST_FILE = IkeaTests/Info.plist;
				LD_RUNPATH_SEARCH_PATHS = (
					"$(inherited)",
					"@executable_path/Frameworks",
					"@loader_path/Frameworks",
				);
				PRODUCT_BUNDLE_IDENTIFIER = br.com.ezoom.IkeaTests;
				PRODUCT_NAME = "$(TARGET_NAME)";
				SWIFT_VERSION = 4.0;
				TARGETED_DEVICE_FAMILY = "1,2";
				TEST_HOST = "$(BUILT_PRODUCTS_DIR)/Ikea.app/Ikea";
			};
			name = Release;
		};
		AD7AFB1C20E082C1008E8C95 /* Debug */ = {
			isa = XCBuildConfiguration;
			buildSettings = {
				ALWAYS_EMBED_SWIFT_STANDARD_LIBRARIES = YES;
				CODE_SIGN_STYLE = Automatic;
				DEVELOPMENT_TEAM = 84CTC2EJLE;
				INFOPLIST_FILE = IkeaUITests/Info.plist;
				LD_RUNPATH_SEARCH_PATHS = (
					"$(inherited)",
					"@executable_path/Frameworks",
					"@loader_path/Frameworks",
				);
				PRODUCT_BUNDLE_IDENTIFIER = br.com.ezoom.IkeaUITests;
				PRODUCT_NAME = "$(TARGET_NAME)";
				SWIFT_VERSION = 4.0;
				TARGETED_DEVICE_FAMILY = "1,2";
				TEST_TARGET_NAME = Ikea;
			};
			name = Debug;
		};
		AD7AFB1D20E082C1008E8C95 /* Release */ = {
			isa = XCBuildConfiguration;
			buildSettings = {
				ALWAYS_EMBED_SWIFT_STANDARD_LIBRARIES = YES;
				CODE_SIGN_STYLE = Automatic;
				DEVELOPMENT_TEAM = 84CTC2EJLE;
				INFOPLIST_FILE = IkeaUITests/Info.plist;
				LD_RUNPATH_SEARCH_PATHS = (
					"$(inherited)",
					"@executable_path/Frameworks",
					"@loader_path/Frameworks",
				);
				PRODUCT_BUNDLE_IDENTIFIER = br.com.ezoom.IkeaUITests;
				PRODUCT_NAME = "$(TARGET_NAME)";
				SWIFT_VERSION = 4.0;
				TARGETED_DEVICE_FAMILY = "1,2";
				TEST_TARGET_NAME = Ikea;
			};
			name = Release;
		};
/* End XCBuildConfiguration section */

/* Begin XCConfigurationList section */
		AD7AFAE820E082BC008E8C95 /* Build configuration list for PBXProject "Ikea" */ = {
			isa = XCConfigurationList;
			buildConfigurations = (
				AD7AFB1320E082C1008E8C95 /* Debug */,
				AD7AFB1420E082C1008E8C95 /* Release */,
			);
			defaultConfigurationIsVisible = 0;
			defaultConfigurationName = Release;
		};
		AD7AFB1520E082C1008E8C95 /* Build configuration list for PBXNativeTarget "Ikea" */ = {
			isa = XCConfigurationList;
			buildConfigurations = (
				AD7AFB1620E082C1008E8C95 /* Debug */,
				AD7AFB1720E082C1008E8C95 /* Release */,
			);
			defaultConfigurationIsVisible = 0;
			defaultConfigurationName = Release;
		};
		AD7AFB1820E082C1008E8C95 /* Build configuration list for PBXNativeTarget "IkeaTests" */ = {
			isa = XCConfigurationList;
			buildConfigurations = (
				AD7AFB1920E082C1008E8C95 /* Debug */,
				AD7AFB1A20E082C1008E8C95 /* Release */,
			);
			defaultConfigurationIsVisible = 0;
			defaultConfigurationName = Release;
		};
		AD7AFB1B20E082C1008E8C95 /* Build configuration list for PBXNativeTarget "IkeaUITests" */ = {
			isa = XCConfigurationList;
			buildConfigurations = (
				AD7AFB1C20E082C1008E8C95 /* Debug */,
				AD7AFB1D20E082C1008E8C95 /* Release */,
			);
			defaultConfigurationIsVisible = 0;
			defaultConfigurationName = Release;
		};
/* End XCConfigurationList section */
	};
	rootObject = AD7AFAE520E082BC008E8C95 /* Project object */;
}
